
Microsoft Visual Studio Solution File, Format Version 12.00
# Visual Studio Version 17
VisualStudioVersion = 17.13.35931.197
MinimumVisualStudioVersion = 10.0.40219.1
Project("{2150E333-8FDC-42A3-9474-1A3956D46DE8}") = "Solution Items", "Solution Items", "{8EC462FD-D22E-90A8-E5CE-7E832BA40C5D}"
	ProjectSection(SolutionItems) = preProject
		LICENSE.md = LICENSE.md
		README.md = README.md
	EndProjectSection
EndProject
Project("{2150E333-8FDC-42A3-9474-1A3956D46DE8}") = "Tests", "Tests", "{02EA681E-C7D8-13C7-8484-4AC65E1B71E8}"
EndProject
Project("{FAE04EC0-301F-11D3-BF4B-00C04F79EFBC}") = "VecTiles.Common.Tests", "Tests\VecTiles.Common.Tests\VecTiles.Common.Tests.csproj", "{7F32BCAC-7FC5-4426-BA76-F69F4C5AF88C}"
EndProject
Project("{2150E333-8FDC-42A3-9474-1A3956D46DE8}") = "DataSources", "DataSources", "{2B8A5F94-12D5-40D3-A890-3A262BB520E0}"
EndProject
Project("{FAE04EC0-301F-11D3-BF4B-00C04F79EFBC}") = "VecTiles.ByteDataSources", "Source\DataSources\VecTiles.ByteDataSources\VecTiles.ByteDataSources.csproj", "{A806AA41-5B96-4B84-BBA5-FEB79F5B5114}"
EndProject
Project("{FAE04EC0-301F-11D3-BF4B-00C04F79EFBC}") = "VecTiles.Common", "Source\VecTiles.Common\VecTiles.Common.csproj", "{C65375E0-AC98-C986-C8BD-EB5FF704EB37}"
EndProject
Project("{FAE04EC0-301F-11D3-BF4B-00C04F79EFBC}") = "VecTiles.DataSources.Tests", "Tests\VecTiles.DataSources.Tests\VecTiles.DataSources.Tests.csproj", "{336F62A5-81D4-35A3-70B4-8BBFE50EE935}"
EndProject
Project("{FAE04EC0-301F-11D3-BF4B-00C04F79EFBC}") = "VecTiles.TileDataSources", "Source\DataSources\VecTiles.TileDataSources\VecTiles.TileDataSources.csproj", "{9AEAC250-135A-6E08-DBEA-D3842DCABD7C}"
EndProject
Project("{2150E333-8FDC-42A3-9474-1A3956D46DE8}") = "Converters", "Converters", "{B12671CC-7A17-4A76-BF16-42FBF260E973}"
EndProject
Project("{FAE04EC0-301F-11D3-BF4B-00C04F79EFBC}") = "VecTiles.Converters.Mapbox", "Source\Converters\VecTiles.Converters.Mapbox\VecTiles.Converters.Mapbox.csproj", "{5413F3CE-3B3D-4B28-8E27-4D6B901F9E17}"
EndProject
Project("{FAE04EC0-301F-11D3-BF4B-00C04F79EFBC}") = "VecTiles.Converters.Tests", "Tests\VecTiles.Converters.Tests\VecTiles.Converters.Tests.csproj", "{899F24A9-FDB0-4E70-A8A6-4C31481C1437}"
EndProject
Project("{2150E333-8FDC-42A3-9474-1A3956D46DE8}") = "Benchmarks", "Benchmarks", "{20D41C3B-D288-4A0E-9B2B-9681C5AA91AE}"
EndProject
Project("{FAE04EC0-301F-11D3-BF4B-00C04F79EFBC}") = "VecTiles.Converters.Mapbox.Benchmark", "Benchmarks\VecTiles.Converters.Mapbox.Benchmark\VecTiles.Converters.Mapbox.Benchmark.csproj", "{7A7C84C1-AECC-4DCD-97C4-676B7E09884A}"
EndProject
Project("{2150E333-8FDC-42A3-9474-1A3956D46DE8}") = "Styles", "Styles", "{35D8B1E7-56F4-4913-A89B-6622468EF9F6}"
EndProject
Project("{FAE04EC0-301F-11D3-BF4B-00C04F79EFBC}") = "VecTiles.Styles.Mapbox", "Source\Styles\VecTiles.Styles.Mapbox\VecTiles.Styles.Mapbox.csproj", "{AC086188-C627-4967-9B6A-B41B524BE1D4}"
EndProject
Project("{FAE04EC0-301F-11D3-BF4B-00C04F79EFBC}") = "VecTiles.Styles.Tests", "Tests\VecTiles.Styles.Tests\VecTiles.Styles.Tests.csproj", "{E036B0C8-062A-4129-A58A-200EDA74C110}"
EndProject
Project("{2150E333-8FDC-42A3-9474-1A3956D46DE8}") = "Renderers", "Renderers", "{44F60016-EDC6-44D7-9C95-261F0C788A37}"
EndProject
Project("{FAE04EC0-301F-11D3-BF4B-00C04F79EFBC}") = "VecTiles.Renderers.Common", "Source\Renderers\VecTiles.Renderers.Common\VecTiles.Renderers.Common.csproj", "{6F81E87B-D045-4FAC-BAA2-C82DC5E91924}"
EndProject
Project("{FAE04EC0-301F-11D3-BF4B-00C04F79EFBC}") = "VecTiles.Renderers.Skia", "Source\Renderers\VecTiles.Renderers.Skia\VecTiles.Renderers.Skia.csproj", "{4FD59504-2448-243D-E643-9907B7E2ED82}"
EndProject
Project("{2150E333-8FDC-42A3-9474-1A3956D46DE8}") = "Samples", "Samples", "{7D1A3960-06A2-4B58-BE78-61BFFD52C7A9}"
EndProject
Project("{2150E333-8FDC-42A3-9474-1A3956D46DE8}") = "Avalonia", "Avalonia", "{1115156E-D777-4508-A588-F245E1097976}"
EndProject
Project("{2150E333-8FDC-42A3-9474-1A3956D46DE8}") = "SampleApp", "SampleApp", "{A59BDEE2-F69F-44CC-9608-C6517FC5B123}"
EndProject
Project("{2150E333-8FDC-42A3-9474-1A3956D46DE8}") = "SampleApp.Desktop", "SampleApp.Desktop", "{382ED19A-CA43-49F5-96A0-95AFA17E1D42}"
EndProject
Project("{FAE04EC0-301F-11D3-BF4B-00C04F79EFBC}") = "SampleApp", "Samples\Avalonia\SampleApp\SampleApp.csproj", "{C409A541-BCE1-AB78-8C5E-81376D641BEE}"
EndProject
Project("{FAE04EC0-301F-11D3-BF4B-00C04F79EFBC}") = "SampleApp.Desktop", "Samples\Avalonia\SampleApp.Desktop\SampleApp.Desktop.csproj", "{FC38099B-FF20-AFD4-2C1E-E789D5C71E43}"
EndProject
Project("{2150E333-8FDC-42A3-9474-1A3956D46DE8}") = "Controls", "Controls", "{8B05454C-5823-4A6E-99E1-DEC177DBB40B}"
EndProject
Project("{FAE04EC0-301F-11D3-BF4B-00C04F79EFBC}") = "VecTiles.Controls.Mapsui", "Source\Controls\VecTiles.Control.Mapsui\VecTiles.Controls.Mapsui.csproj", "{EA2A0453-A588-8A71-BBCA-ED4F6E245184}"
EndProject
Global
	GlobalSection(SolutionConfigurationPlatforms) = preSolution
		Debug|Any CPU = Debug|Any CPU
		Release|Any CPU = Release|Any CPU
	EndGlobalSection
	GlobalSection(ProjectConfigurationPlatforms) = postSolution
		{7F32BCAC-7FC5-4426-BA76-F69F4C5AF88C}.Debug|Any CPU.ActiveCfg = Debug|Any CPU
		{7F32BCAC-7FC5-4426-BA76-F69F4C5AF88C}.Debug|Any CPU.Build.0 = Debug|Any CPU
		{7F32BCAC-7FC5-4426-BA76-F69F4C5AF88C}.Release|Any CPU.ActiveCfg = Release|Any CPU
		{7F32BCAC-7FC5-4426-BA76-F69F4C5AF88C}.Release|Any CPU.Build.0 = Release|Any CPU
		{A806AA41-5B96-4B84-BBA5-FEB79F5B5114}.Debug|Any CPU.ActiveCfg = Debug|Any CPU
		{A806AA41-5B96-4B84-BBA5-FEB79F5B5114}.Debug|Any CPU.Build.0 = Debug|Any CPU
		{A806AA41-5B96-4B84-BBA5-FEB79F5B5114}.Release|Any CPU.ActiveCfg = Release|Any CPU
		{A806AA41-5B96-4B84-BBA5-FEB79F5B5114}.Release|Any CPU.Build.0 = Release|Any CPU
		{C65375E0-AC98-C986-C8BD-EB5FF704EB37}.Debug|Any CPU.ActiveCfg = Debug|Any CPU
		{C65375E0-AC98-C986-C8BD-EB5FF704EB37}.Debug|Any CPU.Build.0 = Debug|Any CPU
		{C65375E0-AC98-C986-C8BD-EB5FF704EB37}.Release|Any CPU.ActiveCfg = Release|Any CPU
		{C65375E0-AC98-C986-C8BD-EB5FF704EB37}.Release|Any CPU.Build.0 = Release|Any CPU
		{336F62A5-81D4-35A3-70B4-8BBFE50EE935}.Debug|Any CPU.ActiveCfg = Debug|Any CPU
		{336F62A5-81D4-35A3-70B4-8BBFE50EE935}.Debug|Any CPU.Build.0 = Debug|Any CPU
		{336F62A5-81D4-35A3-70B4-8BBFE50EE935}.Release|Any CPU.ActiveCfg = Release|Any CPU
		{336F62A5-81D4-35A3-70B4-8BBFE50EE935}.Release|Any CPU.Build.0 = Release|Any CPU
		{9AEAC250-135A-6E08-DBEA-D3842DCABD7C}.Debug|Any CPU.ActiveCfg = Debug|Any CPU
		{9AEAC250-135A-6E08-DBEA-D3842DCABD7C}.Debug|Any CPU.Build.0 = Debug|Any CPU
		{9AEAC250-135A-6E08-DBEA-D3842DCABD7C}.Release|Any CPU.ActiveCfg = Release|Any CPU
		{9AEAC250-135A-6E08-DBEA-D3842DCABD7C}.Release|Any CPU.Build.0 = Release|Any CPU
		{5413F3CE-3B3D-4B28-8E27-4D6B901F9E17}.Debug|Any CPU.ActiveCfg = Debug|Any CPU
		{5413F3CE-3B3D-4B28-8E27-4D6B901F9E17}.Debug|Any CPU.Build.0 = Debug|Any CPU
		{5413F3CE-3B3D-4B28-8E27-4D6B901F9E17}.Release|Any CPU.ActiveCfg = Release|Any CPU
		{5413F3CE-3B3D-4B28-8E27-4D6B901F9E17}.Release|Any CPU.Build.0 = Release|Any CPU
		{899F24A9-FDB0-4E70-A8A6-4C31481C1437}.Debug|Any CPU.ActiveCfg = Debug|Any CPU
		{899F24A9-FDB0-4E70-A8A6-4C31481C1437}.Debug|Any CPU.Build.0 = Debug|Any CPU
		{899F24A9-FDB0-4E70-A8A6-4C31481C1437}.Release|Any CPU.ActiveCfg = Release|Any CPU
		{899F24A9-FDB0-4E70-A8A6-4C31481C1437}.Release|Any CPU.Build.0 = Release|Any CPU
		{7A7C84C1-AECC-4DCD-97C4-676B7E09884A}.Debug|Any CPU.ActiveCfg = Debug|Any CPU
		{7A7C84C1-AECC-4DCD-97C4-676B7E09884A}.Debug|Any CPU.Build.0 = Debug|Any CPU
		{7A7C84C1-AECC-4DCD-97C4-676B7E09884A}.Release|Any CPU.ActiveCfg = Release|Any CPU
		{7A7C84C1-AECC-4DCD-97C4-676B7E09884A}.Release|Any CPU.Build.0 = Release|Any CPU
		{AC086188-C627-4967-9B6A-B41B524BE1D4}.Debug|Any CPU.ActiveCfg = Debug|Any CPU
		{AC086188-C627-4967-9B6A-B41B524BE1D4}.Debug|Any CPU.Build.0 = Debug|Any CPU
		{AC086188-C627-4967-9B6A-B41B524BE1D4}.Release|Any CPU.ActiveCfg = Release|Any CPU
		{AC086188-C627-4967-9B6A-B41B524BE1D4}.Release|Any CPU.Build.0 = Release|Any CPU
		{E036B0C8-062A-4129-A58A-200EDA74C110}.Debug|Any CPU.ActiveCfg = Debug|Any CPU
		{E036B0C8-062A-4129-A58A-200EDA74C110}.Debug|Any CPU.Build.0 = Debug|Any CPU
		{E036B0C8-062A-4129-A58A-200EDA74C110}.Release|Any CPU.ActiveCfg = Release|Any CPU
		{E036B0C8-062A-4129-A58A-200EDA74C110}.Release|Any CPU.Build.0 = Release|Any CPU
		{6F81E87B-D045-4FAC-BAA2-C82DC5E91924}.Debug|Any CPU.ActiveCfg = Debug|Any CPU
		{6F81E87B-D045-4FAC-BAA2-C82DC5E91924}.Debug|Any CPU.Build.0 = Debug|Any CPU
		{6F81E87B-D045-4FAC-BAA2-C82DC5E91924}.Release|Any CPU.ActiveCfg = Release|Any CPU
		{6F81E87B-D045-4FAC-BAA2-C82DC5E91924}.Release|Any CPU.Build.0 = Release|Any CPU
		{4FD59504-2448-243D-E643-9907B7E2ED82}.Debug|Any CPU.ActiveCfg = Debug|Any CPU
		{4FD59504-2448-243D-E643-9907B7E2ED82}.Debug|Any CPU.Build.0 = Debug|Any CPU
		{4FD59504-2448-243D-E643-9907B7E2ED82}.Release|Any CPU.ActiveCfg = Release|Any CPU
		{4FD59504-2448-243D-E643-9907B7E2ED82}.Release|Any CPU.Build.0 = Release|Any CPU
		{C409A541-BCE1-AB78-8C5E-81376D641BEE}.Debug|Any CPU.ActiveCfg = Debug|Any CPU
		{C409A541-BCE1-AB78-8C5E-81376D641BEE}.Debug|Any CPU.Build.0 = Debug|Any CPU
		{C409A541-BCE1-AB78-8C5E-81376D641BEE}.Release|Any CPU.ActiveCfg = Release|Any CPU
		{C409A541-BCE1-AB78-8C5E-81376D641BEE}.Release|Any CPU.Build.0 = Release|Any CPU
		{FC38099B-FF20-AFD4-2C1E-E789D5C71E43}.Debug|Any CPU.ActiveCfg = Debug|Any CPU
		{FC38099B-FF20-AFD4-2C1E-E789D5C71E43}.Debug|Any CPU.Build.0 = Debug|Any CPU
		{FC38099B-FF20-AFD4-2C1E-E789D5C71E43}.Release|Any CPU.ActiveCfg = Release|Any CPU
		{FC38099B-FF20-AFD4-2C1E-E789D5C71E43}.Release|Any CPU.Build.0 = Release|Any CPU
		{EA2A0453-A588-8A71-BBCA-ED4F6E245184}.Debug|Any CPU.ActiveCfg = Debug|Any CPU
		{EA2A0453-A588-8A71-BBCA-ED4F6E245184}.Debug|Any CPU.Build.0 = Debug|Any CPU
		{EA2A0453-A588-8A71-BBCA-ED4F6E245184}.Release|Any CPU.ActiveCfg = Release|Any CPU
		{EA2A0453-A588-8A71-BBCA-ED4F6E245184}.Release|Any CPU.Build.0 = Release|Any CPU
	EndGlobalSection
	GlobalSection(SolutionProperties) = preSolution
		HideSolutionNode = FALSE
	EndGlobalSection
	GlobalSection(NestedProjects) = preSolution
		{7F32BCAC-7FC5-4426-BA76-F69F4C5AF88C} = {02EA681E-C7D8-13C7-8484-4AC65E1B71E8}
		{A806AA41-5B96-4B84-BBA5-FEB79F5B5114} = {2B8A5F94-12D5-40D3-A890-3A262BB520E0}
		{336F62A5-81D4-35A3-70B4-8BBFE50EE935} = {02EA681E-C7D8-13C7-8484-4AC65E1B71E8}
		{9AEAC250-135A-6E08-DBEA-D3842DCABD7C} = {2B8A5F94-12D5-40D3-A890-3A262BB520E0}
		{5413F3CE-3B3D-4B28-8E27-4D6B901F9E17} = {B12671CC-7A17-4A76-BF16-42FBF260E973}
		{899F24A9-FDB0-4E70-A8A6-4C31481C1437} = {02EA681E-C7D8-13C7-8484-4AC65E1B71E8}
		{7A7C84C1-AECC-4DCD-97C4-676B7E09884A} = {20D41C3B-D288-4A0E-9B2B-9681C5AA91AE}
		{AC086188-C627-4967-9B6A-B41B524BE1D4} = {35D8B1E7-56F4-4913-A89B-6622468EF9F6}
		{E036B0C8-062A-4129-A58A-200EDA74C110} = {02EA681E-C7D8-13C7-8484-4AC65E1B71E8}
		{6F81E87B-D045-4FAC-BAA2-C82DC5E91924} = {44F60016-EDC6-44D7-9C95-261F0C788A37}
		{4FD59504-2448-243D-E643-9907B7E2ED82} = {44F60016-EDC6-44D7-9C95-261F0C788A37}
		{1115156E-D777-4508-A588-F245E1097976} = {7D1A3960-06A2-4B58-BE78-61BFFD52C7A9}
		{A59BDEE2-F69F-44CC-9608-C6517FC5B123} = {1115156E-D777-4508-A588-F245E1097976}
		{382ED19A-CA43-49F5-96A0-95AFA17E1D42} = {1115156E-D777-4508-A588-F245E1097976}
		{C409A541-BCE1-AB78-8C5E-81376D641BEE} = {A59BDEE2-F69F-44CC-9608-C6517FC5B123}
		{FC38099B-FF20-AFD4-2C1E-E789D5C71E43} = {382ED19A-CA43-49F5-96A0-95AFA17E1D42}
		{EA2A0453-A588-8A71-BBCA-ED4F6E245184} = {8B05454C-5823-4A6E-99E1-DEC177DBB40B}
	EndGlobalSection
	GlobalSection(ExtensibilityGlobals) = postSolution
		SolutionGuid = {F45A2AA7-DCD5-4D17-81AC-3622204FAFAE}
	EndGlobalSection
EndGlobal
